
Microsoft Visual Studio Solution File, Format Version 12.00
# Visual Studio Version 16
VisualStudioVersion = 16.0.30011.22
MinimumVisualStudioVersion = 10.0.40219.1
Project("{FAE04EC0-301F-11D3-BF4B-00C04F79EFBC}") = "FSUIPCWPFAutoCS", "FSUIPCWPFAutoCS.csproj", "{4F899A9E-DEFE-4016-BDCD-60FC8B8DF9CB}"
EndProject
Global
	GlobalSection(SolutionConfigurationPlatforms) = preSolution
		Debug|Any CPU = Debug|Any CPU
		Release|Any CPU = Release|Any CPU
	EndGlobalSection
	GlobalSection(ProjectConfigurationPlatforms) = postSolution
		{4F899A9E-DEFE-4016-BDCD-60FC8B8DF9CB}.Debug|Any CPU.ActiveCfg = Debug|Any CPU
		{4F899A9E-DEFE-4016-BDCD-60FC8B8DF9CB}.Debug|Any CPU.Build.0 = Debug|Any CPU
		{4F899A9E-DEFE-4016-BDCD-60FC8B8DF9CB}.Release|Any CPU.ActiveCfg = Release|Any CPU
		{4F899A9E-DEFE-4016-BDCD-60FC8B8DF9CB}.Release|Any CPU.Build.0 = Release|Any CPU
	EndGlobalSection
	GlobalSection(SolutionProperties) = preSolution
		HideSolutionNode = FALSE
	EndGlobalSection
	GlobalSection(ExtensibilityGlobals) = postSolution
		SolutionGuid = {ECD47E08-7FCD-4E54-9152-CA400DC6B90D}
	EndGlobalSection
EndGlobal
